
Microsoft Visual Studio Solution File, Format Version 12.00
# Visual Studio Version 16
VisualStudioVersion = 16.0.31205.134
MinimumVisualStudioVersion = 10.0.40219.1
Project("{9A19103F-16F7-4668-BE54-9A1E7A4F7556}") = "QEntangle.Server", "QEntangle.Server\QEntangle.Server.csproj", "{61AE383F-2116-485F-8BB9-9DEF70F1449D}"
EndProject
Project("{2150E333-8FDC-42A3-9474-1A3956D46DE8}") = "Solution Items", "Solution Items", "{77155E0F-7E67-4544-BEAF-583CC151A879}"
	ProjectSection(SolutionItems) = preProject
		.editorconfig = .editorconfig
	EndProjectSection
EndProject
Global
	GlobalSection(SolutionConfigurationPlatforms) = preSolution
		Debug|Any CPU = Debug|Any CPU
		Release|Any CPU = Release|Any CPU
	EndGlobalSection
	GlobalSection(ProjectConfigurationPlatforms) = postSolution
		{61AE383F-2116-485F-8BB9-9DEF70F1449D}.Debug|Any CPU.ActiveCfg = Debug|Any CPU
		{61AE383F-2116-485F-8BB9-9DEF70F1449D}.Debug|Any CPU.Build.0 = Debug|Any CPU
		{61AE383F-2116-485F-8BB9-9DEF70F1449D}.Release|Any CPU.ActiveCfg = Release|Any CPU
		{61AE383F-2116-485F-8BB9-9DEF70F1449D}.Release|Any CPU.Build.0 = Release|Any CPU
	EndGlobalSection
	GlobalSection(SolutionProperties) = preSolution
		HideSolutionNode = FALSE
	EndGlobalSection
	GlobalSection(ExtensibilityGlobals) = postSolution
		SolutionGuid = {67E249D1-4708-49C7-8D3F-4BE3621BFF1F}
	EndGlobalSection
EndGlobal
